
Microsoft Visual Studio Solution File, Format Version 12.00
# Visual Studio Version 17
VisualStudioVersion = 17.14.36717.8 d17.14
MinimumVisualStudioVersion = 10.0.40219.1
Project("{FAE04EC0-301F-11D3-BF4B-00C04F79EFBC}") = "lotto", "lotto\lotto.csproj", "{AE72ADA3-5C2A-44FA-8C8F-320EF9603805}"
EndProject
Global
	GlobalSection(SolutionConfigurationPlatforms) = preSolution
		Debug|Any CPU = Debug|Any CPU
		Release|Any CPU = Release|Any CPU
	EndGlobalSection
	GlobalSection(ProjectConfigurationPlatforms) = postSolution
		{AE72ADA3-5C2A-44FA-8C8F-320EF9603805}.Debug|Any CPU.ActiveCfg = Debug|Any CPU
		{AE72ADA3-5C2A-44FA-8C8F-320EF9603805}.Debug|Any CPU.Build.0 = Debug|Any CPU
		{AE72ADA3-5C2A-44FA-8C8F-320EF9603805}.Release|Any CPU.ActiveCfg = Release|Any CPU
		{AE72ADA3-5C2A-44FA-8C8F-320EF9603805}.Release|Any CPU.Build.0 = Release|Any CPU
	EndGlobalSection
	GlobalSection(SolutionProperties) = preSolution
		HideSolutionNode = FALSE
	EndGlobalSection
	GlobalSection(ExtensibilityGlobals) = postSolution
		SolutionGuid = {CE31EEB3-2DD7-41F2-AF5C-A10C37310F51}
	EndGlobalSection
EndGlobal
